
Microsoft Visual Studio Solution File, Format Version 12.00
# Visual Studio Version 17
VisualStudioVersion = 17.1.32421.90
MinimumVisualStudioVersion = 10.0.40219.1
Project("{2150E333-8FDC-42A3-9474-1A3956D46DE8}") = "Capas", "Capas", "{0E6FD91E-4723-4D99-8D8F-0DC98120CA61}"
EndProject
Project("{2150E333-8FDC-42A3-9474-1A3956D46DE8}") = "Frontend", "Frontend", "{46A0B0D9-A8F6-4764-8DC3-925B903238B4}"
EndProject
Project("{2150E333-8FDC-42A3-9474-1A3956D46DE8}") = "Backend", "Backend", "{A2D8D7B0-03A5-4F50-8330-4F7A2317669E}"
EndProject
Project("{2150E333-8FDC-42A3-9474-1A3956D46DE8}") = "Servicios", "Servicios", "{F6A48F30-D6CD-4FB5-8DAD-778FFAC60E6A}"
EndProject
Project("{2150E333-8FDC-42A3-9474-1A3956D46DE8}") = "Models", "Models", "{181BD217-EAEA-4C5F-8E07-58D21A3CA9C8}"
EndProject
Project("{2150E333-8FDC-42A3-9474-1A3956D46DE8}") = "Data", "Data", "{5C4FF023-B227-40BA-9556-D34A815B4DEB}"
EndProject
Project("{2150E333-8FDC-42A3-9474-1A3956D46DE8}") = "Core", "Core", "{5919F884-DBF1-4B46-AC2E-322B1696D864}"
EndProject
Project("{2150E333-8FDC-42A3-9474-1A3956D46DE8}") = "Core", "Core", "{CD7839F1-933F-47D2-9041-ECD43B39DA3E}"
EndProject
Project("{9A19103F-16F7-4668-BE54-9A1E7A4F7556}") = "Models_core", "Models_core\Models_core.csproj", "{86CEBB2C-360F-4400-ABB7-D1AEAD731198}"
EndProject
Project("{9A19103F-16F7-4668-BE54-9A1E7A4F7556}") = "Data_core", "Data_core\Data_core.csproj", "{01F75C82-FFD5-4866-AE5B-B253A507A564}"
EndProject
Project("{9A19103F-16F7-4668-BE54-9A1E7A4F7556}") = "API.Core", "API.Core\API.Core.csproj", "{A6DBD37A-97FD-47A4-BAD2-A0C797D63614}"
EndProject
Project("{9A19103F-16F7-4668-BE54-9A1E7A4F7556}") = "Intranet", "Intranet\Intranet.csproj", "{AB588FD7-E788-485F-A366-DE3EA27D0974}"
EndProject
Project("{9A19103F-16F7-4668-BE54-9A1E7A4F7556}") = "API.Alertas", "API.Alertas\API.Alertas.csproj", "{E9D14AEE-E8FF-4549-8CE9-3D026064EA63}"
EndProject
Project("{9A19103F-16F7-4668-BE54-9A1E7A4F7556}") = "Data.Alertas", "Data.Alertas\Data.Alertas.csproj", "{790A7FC6-D420-47E2-AA53-AF79B02ABE38}"
EndProject
Project("{2150E333-8FDC-42A3-9474-1A3956D46DE8}") = "Alertas", "Alertas", "{59C853A5-DDE4-42E8-8041-60A8F77CC7CA}"
EndProject
Project("{2150E333-8FDC-42A3-9474-1A3956D46DE8}") = "Alertas", "Alertas", "{84116931-AF2F-4188-8582-822BCF2D65C2}"
EndProject
Project("{9A19103F-16F7-4668-BE54-9A1E7A4F7556}") = "Models_Alertas", "Models_Alertas\Models_Alertas.csproj", "{4B523B41-9B22-4685-9B5D-E068D65C6083}"
EndProject
Global
	GlobalSection(SolutionConfigurationPlatforms) = preSolution
		Debug|Any CPU = Debug|Any CPU
		Release|Any CPU = Release|Any CPU
	EndGlobalSection
	GlobalSection(ProjectConfigurationPlatforms) = postSolution
		{86CEBB2C-360F-4400-ABB7-D1AEAD731198}.Debug|Any CPU.ActiveCfg = Debug|Any CPU
		{86CEBB2C-360F-4400-ABB7-D1AEAD731198}.Debug|Any CPU.Build.0 = Debug|Any CPU
		{86CEBB2C-360F-4400-ABB7-D1AEAD731198}.Release|Any CPU.ActiveCfg = Release|Any CPU
		{86CEBB2C-360F-4400-ABB7-D1AEAD731198}.Release|Any CPU.Build.0 = Release|Any CPU
		{01F75C82-FFD5-4866-AE5B-B253A507A564}.Debug|Any CPU.ActiveCfg = Debug|Any CPU
		{01F75C82-FFD5-4866-AE5B-B253A507A564}.Debug|Any CPU.Build.0 = Debug|Any CPU
		{01F75C82-FFD5-4866-AE5B-B253A507A564}.Release|Any CPU.ActiveCfg = Release|Any CPU
		{01F75C82-FFD5-4866-AE5B-B253A507A564}.Release|Any CPU.Build.0 = Release|Any CPU
		{A6DBD37A-97FD-47A4-BAD2-A0C797D63614}.Debug|Any CPU.ActiveCfg = Debug|Any CPU
		{A6DBD37A-97FD-47A4-BAD2-A0C797D63614}.Debug|Any CPU.Build.0 = Debug|Any CPU
		{A6DBD37A-97FD-47A4-BAD2-A0C797D63614}.Release|Any CPU.ActiveCfg = Release|Any CPU
		{A6DBD37A-97FD-47A4-BAD2-A0C797D63614}.Release|Any CPU.Build.0 = Release|Any CPU
		{AB588FD7-E788-485F-A366-DE3EA27D0974}.Debug|Any CPU.ActiveCfg = Debug|Any CPU
		{AB588FD7-E788-485F-A366-DE3EA27D0974}.Debug|Any CPU.Build.0 = Debug|Any CPU
		{AB588FD7-E788-485F-A366-DE3EA27D0974}.Release|Any CPU.ActiveCfg = Release|Any CPU
		{AB588FD7-E788-485F-A366-DE3EA27D0974}.Release|Any CPU.Build.0 = Release|Any CPU
		{E9D14AEE-E8FF-4549-8CE9-3D026064EA63}.Debug|Any CPU.ActiveCfg = Debug|Any CPU
		{E9D14AEE-E8FF-4549-8CE9-3D026064EA63}.Debug|Any CPU.Build.0 = Debug|Any CPU
		{E9D14AEE-E8FF-4549-8CE9-3D026064EA63}.Release|Any CPU.ActiveCfg = Release|Any CPU
		{E9D14AEE-E8FF-4549-8CE9-3D026064EA63}.Release|Any CPU.Build.0 = Release|Any CPU
		{790A7FC6-D420-47E2-AA53-AF79B02ABE38}.Debug|Any CPU.ActiveCfg = Debug|Any CPU
		{790A7FC6-D420-47E2-AA53-AF79B02ABE38}.Debug|Any CPU.Build.0 = Debug|Any CPU
		{790A7FC6-D420-47E2-AA53-AF79B02ABE38}.Release|Any CPU.ActiveCfg = Release|Any CPU
		{790A7FC6-D420-47E2-AA53-AF79B02ABE38}.Release|Any CPU.Build.0 = Release|Any CPU
		{4B523B41-9B22-4685-9B5D-E068D65C6083}.Debug|Any CPU.ActiveCfg = Debug|Any CPU
		{4B523B41-9B22-4685-9B5D-E068D65C6083}.Debug|Any CPU.Build.0 = Debug|Any CPU
		{4B523B41-9B22-4685-9B5D-E068D65C6083}.Release|Any CPU.ActiveCfg = Release|Any CPU
		{4B523B41-9B22-4685-9B5D-E068D65C6083}.Release|Any CPU.Build.0 = Release|Any CPU
	EndGlobalSection
	GlobalSection(SolutionProperties) = preSolution
		HideSolutionNode = FALSE
	EndGlobalSection
	GlobalSection(NestedProjects) = preSolution
		{F6A48F30-D6CD-4FB5-8DAD-778FFAC60E6A} = {A2D8D7B0-03A5-4F50-8330-4F7A2317669E}
		{181BD217-EAEA-4C5F-8E07-58D21A3CA9C8} = {0E6FD91E-4723-4D99-8D8F-0DC98120CA61}
		{5C4FF023-B227-40BA-9556-D34A815B4DEB} = {0E6FD91E-4723-4D99-8D8F-0DC98120CA61}
		{5919F884-DBF1-4B46-AC2E-322B1696D864} = {181BD217-EAEA-4C5F-8E07-58D21A3CA9C8}
		{CD7839F1-933F-47D2-9041-ECD43B39DA3E} = {5C4FF023-B227-40BA-9556-D34A815B4DEB}
		{86CEBB2C-360F-4400-ABB7-D1AEAD731198} = {5919F884-DBF1-4B46-AC2E-322B1696D864}
		{01F75C82-FFD5-4866-AE5B-B253A507A564} = {CD7839F1-933F-47D2-9041-ECD43B39DA3E}
		{A6DBD37A-97FD-47A4-BAD2-A0C797D63614} = {F6A48F30-D6CD-4FB5-8DAD-778FFAC60E6A}
		{AB588FD7-E788-485F-A366-DE3EA27D0974} = {46A0B0D9-A8F6-4764-8DC3-925B903238B4}
		{E9D14AEE-E8FF-4549-8CE9-3D026064EA63} = {F6A48F30-D6CD-4FB5-8DAD-778FFAC60E6A}
		{790A7FC6-D420-47E2-AA53-AF79B02ABE38} = {59C853A5-DDE4-42E8-8041-60A8F77CC7CA}
		{59C853A5-DDE4-42E8-8041-60A8F77CC7CA} = {5C4FF023-B227-40BA-9556-D34A815B4DEB}
		{84116931-AF2F-4188-8582-822BCF2D65C2} = {181BD217-EAEA-4C5F-8E07-58D21A3CA9C8}
		{4B523B41-9B22-4685-9B5D-E068D65C6083} = {84116931-AF2F-4188-8582-822BCF2D65C2}
	EndGlobalSection
	GlobalSection(ExtensibilityGlobals) = postSolution
		SolutionGuid = {FF452F36-896E-44A2-A4F7-907C4844E34C}
	EndGlobalSection
EndGlobal
